{
  "lockfileVersion": 1,
  "configVersion": 1,
  "workspaces": {
    "": {
      "name": "osm-updater",
      "dependencies": {
        "fast-xml-parser": "^4.5.3",
      },
    },
  },
  "packages": {
    "fast-xml-parser": ["fast-xml-parser@4.5.5", "", { "dependencies": { "strnum": "^1.0.5" }, "bin": { "fxparser": "src/cli/cli.js" } }, "sha512-cK9c5I/DwIOI7/Q7AlGN3DuTdwN61gwSfL8rvuVPK+0mcCNHHGxRrpiFtaZZRfRMJL3Gl8B2AFlBG6qXf03w9A=="],

    "strnum": ["strnum@1.1.2", "", {}, "sha512-vrN+B7DBIoTTZjnPNewwhx6cBA/H+IS7rfW68n7XxC1y7uoiGQBxaKzqucGUgavX15dJgiGztLJ8vxuEzwqBdA=="],
  }
}
